
Microsoft Visual Studio Solution File, Format Version 12.00
# Visual Studio Version 17
VisualStudioVersion = 17.1.32228.430
MinimumVisualStudioVersion = 10.0.40219.1
Project("{FAE04EC0-301F-11D3-BF4B-00C04F79EFBC}") = "E-Journal", "E-Journal\E-Journal.csproj", "{142F9DAD-870E-4F89-BFE4-DDA9E3D44668}"
EndProject
Global
	GlobalSection(SolutionConfigurationPlatforms) = preSolution
		Debug|Any CPU = Debug|Any CPU
		Release|Any CPU = Release|Any CPU
	EndGlobalSection
	GlobalSection(ProjectConfigurationPlatforms) = postSolution
		{142F9DAD-870E-4F89-BFE4-DDA9E3D44668}.Debug|Any CPU.ActiveCfg = Debug|Any CPU
		{142F9DAD-870E-4F89-BFE4-DDA9E3D44668}.Debug|Any CPU.Build.0 = Debug|Any CPU
		{142F9DAD-870E-4F89-BFE4-DDA9E3D44668}.Release|Any CPU.ActiveCfg = Release|Any CPU
		{142F9DAD-870E-4F89-BFE4-DDA9E3D44668}.Release|Any CPU.Build.0 = Release|Any CPU
	EndGlobalSection
	GlobalSection(SolutionProperties) = preSolution
		HideSolutionNode = FALSE
	EndGlobalSection
	GlobalSection(ExtensibilityGlobals) = postSolution
		SolutionGuid = {69CFC457-DACE-4997-BDC2-47E9A6E65CC7}
	EndGlobalSection
EndGlobal
